
Microsoft Visual Studio Solution File, Format Version 12.00
# Visual Studio Version 17
VisualStudioVersion = 17.1.32421.90
MinimumVisualStudioVersion = 10.0.40219.1
Project("{8BC9CEB8-8B4A-11D0-8D11-00A0C91BC942}") = "BubbleSortSFMLWindows", "BubbleSortSFMLWindows\BubbleSortSFMLWindows.vcxproj", "{8DC2E0FA-DBE4-4109-96B6-587B35D51405}"
EndProject
Global
	GlobalSection(SolutionConfigurationPlatforms) = preSolution
		Debug|x64 = Debug|x64
		Debug|x86 = Debug|x86
		Release|x64 = Release|x64
		Release|x86 = Release|x86
	EndGlobalSection
	GlobalSection(ProjectConfigurationPlatforms) = postSolution
		{8DC2E0FA-DBE4-4109-96B6-587B35D51405}.Debug|x64.ActiveCfg = Debug|x64
		{8DC2E0FA-DBE4-4109-96B6-587B35D51405}.Debug|x64.Build.0 = Debug|x64
		{8DC2E0FA-DBE4-4109-96B6-587B35D51405}.Debug|x86.ActiveCfg = Debug|Win32
		{8DC2E0FA-DBE4-4109-96B6-587B35D51405}.Debug|x86.Build.0 = Debug|Win32
		{8DC2E0FA-DBE4-4109-96B6-587B35D51405}.Release|x64.ActiveCfg = Release|x64
		{8DC2E0FA-DBE4-4109-96B6-587B35D51405}.Release|x64.Build.0 = Release|x64
		{8DC2E0FA-DBE4-4109-96B6-587B35D51405}.Release|x86.ActiveCfg = Release|Win32
		{8DC2E0FA-DBE4-4109-96B6-587B35D51405}.Release|x86.Build.0 = Release|Win32
	EndGlobalSection
	GlobalSection(SolutionProperties) = preSolution
		HideSolutionNode = FALSE
	EndGlobalSection
	GlobalSection(ExtensibilityGlobals) = postSolution
		SolutionGuid = {6DAC0954-4C49-49C0-B320-B9EA0493CBDF}
	EndGlobalSection
EndGlobal
